
Microsoft Visual Studio Solution File, Format Version 12.00
# Visual Studio Version 17
VisualStudioVersion = 17.4.33403.182
MinimumVisualStudioVersion = 10.0.40219.1
Project("{FAE04EC0-301F-11D3-BF4B-00C04F79EFBC}") = "U2_3", "U2_3\U2_3.csproj", "{B1913AB9-75BF-44CD-81C2-F646357FF163}"
EndProject
Global
	GlobalSection(SolutionConfigurationPlatforms) = preSolution
		Debug|Any CPU = Debug|Any CPU
		Release|Any CPU = Release|Any CPU
	EndGlobalSection
	GlobalSection(ProjectConfigurationPlatforms) = postSolution
		{B1913AB9-75BF-44CD-81C2-F646357FF163}.Debug|Any CPU.ActiveCfg = Debug|Any CPU
		{B1913AB9-75BF-44CD-81C2-F646357FF163}.Debug|Any CPU.Build.0 = Debug|Any CPU
		{B1913AB9-75BF-44CD-81C2-F646357FF163}.Release|Any CPU.ActiveCfg = Release|Any CPU
		{B1913AB9-75BF-44CD-81C2-F646357FF163}.Release|Any CPU.Build.0 = Release|Any CPU
	EndGlobalSection
	GlobalSection(SolutionProperties) = preSolution
		HideSolutionNode = FALSE
	EndGlobalSection
	GlobalSection(ExtensibilityGlobals) = postSolution
		SolutionGuid = {FECBD6B1-3942-4AFC-BC3C-3625681914D4}
	EndGlobalSection
EndGlobal
